Microsoft Visual Studio Solution File, Format Version 12.00
# Visual Studio Version 17
VisualStudioVersion = 17.5.2.0
MinimumVisualStudioVersion = 10.0.40219.1
Project("{2150E333-8FDC-42A3-9474-1A3956D46DE8}") = "TaskManager.Api", "TaskManager.Api", "{D27BF8A3-058A-9756-E1F7-46585ECD53B7}"
EndProject
Project("{FAE04EC0-301F-11D3-BF4B-00C04F79EFBC}") = "TaskManager.Api", "TaskManager.Api\TaskManager.Api\TaskManager.Api.csproj", "{9A4DAA22-D240-B66B-85A3-947E993B509D}"
EndProject
Global
	GlobalSection(SolutionConfigurationPlatforms) = preSolution
		Debug|Any CPU = Debug|Any CPU
		Release|Any CPU = Release|Any CPU
	EndGlobalSection
	GlobalSection(ProjectConfigurationPlatforms) = postSolution
		{9A4DAA22-D240-B66B-85A3-947E993B509D}.Debug|Any CPU.ActiveCfg = Debug|Any CPU
		{9A4DAA22-D240-B66B-85A3-947E993B509D}.Debug|Any CPU.Build.0 = Debug|Any CPU
		{9A4DAA22-D240-B66B-85A3-947E993B509D}.Release|Any CPU.ActiveCfg = Release|Any CPU
		{9A4DAA22-D240-B66B-85A3-947E993B509D}.Release|Any CPU.Build.0 = Release|Any CPU
	EndGlobalSection
	GlobalSection(SolutionProperties) = preSolution
		HideSolutionNode = FALSE
	EndGlobalSection
	GlobalSection(NestedProjects) = preSolution
		{9A4DAA22-D240-B66B-85A3-947E993B509D} = {D27BF8A3-058A-9756-E1F7-46585ECD53B7}
	EndGlobalSection
	GlobalSection(ExtensibilityGlobals) = postSolution
		SolutionGuid = {A5FE3530-60FF-4B1B-A72C-E3F011CDDE22}
	EndGlobalSection
EndGlobal
